
Microsoft Visual Studio Solution File, Format Version 12.00
# Visual Studio 2013
VisualStudioVersion = 12.0.31101.0
MinimumVisualStudioVersion = 10.0.40219.1
Project("{FAE04EC0-301F-11D3-BF4B-00C04F79EFBC}") = "DragDrop", "DragDrop\DragDrop.csproj", "{D0FFD824-C7BA-4F8F-9D3A-4990479E2A52}"
EndProject
Project("{FAE04EC0-301F-11D3-BF4B-00C04F79EFBC}") = "DragDropExample", "DragDropExample\DragDropExample.csproj", "{196D2416-F590-4A8F-B20F-270318D32B93}"
EndProject
Project("{2150E333-8FDC-42A3-9474-1A3956D46DE8}") = ".nuget", ".nuget", "{16A4B9B5-561B-445D-A4CA-96A7C5D99E0D}"
	ProjectSection(SolutionItems) = preProject
		.nuget\NuGet.Config = .nuget\NuGet.Config
		.nuget\NuGet.exe = .nuget\NuGet.exe
		.nuget\NuGet.targets = .nuget\NuGet.targets
	EndProjectSection
EndProject
Global
	GlobalSection(SolutionConfigurationPlatforms) = preSolution
		Debug|Any CPU = Debug|Any CPU
		Release|Any CPU = Release|Any CPU
	EndGlobalSection
	GlobalSection(ProjectConfigurationPlatforms) = postSolution
		{D0FFD824-C7BA-4F8F-9D3A-4990479E2A52}.Debug|Any CPU.ActiveCfg = Debug|Any CPU
		{D0FFD824-C7BA-4F8F-9D3A-4990479E2A52}.Debug|Any CPU.Build.0 = Debug|Any CPU
		{D0FFD824-C7BA-4F8F-9D3A-4990479E2A52}.Release|Any CPU.ActiveCfg = Release|Any CPU
		{D0FFD824-C7BA-4F8F-9D3A-4990479E2A52}.Release|Any CPU.Build.0 = Release|Any CPU
		{196D2416-F590-4A8F-B20F-270318D32B93}.Debug|Any CPU.ActiveCfg = Debug|Any CPU
		{196D2416-F590-4A8F-B20F-270318D32B93}.Debug|Any CPU.Build.0 = Debug|Any CPU
		{196D2416-F590-4A8F-B20F-270318D32B93}.Release|Any CPU.ActiveCfg = Release|Any CPU
		{196D2416-F590-4A8F-B20F-270318D32B93}.Release|Any CPU.Build.0 = Release|Any CPU
	EndGlobalSection
	GlobalSection(SolutionProperties) = preSolution
		HideSolutionNode = FALSE
	EndGlobalSection
EndGlobal
